
Microsoft Visual Studio Solution File, Format Version 12.00
# Visual Studio Version 17
VisualStudioVersion = 17.11.35219.272
MinimumVisualStudioVersion = 10.0.40219.1
Project("{FAE04EC0-301F-11D3-BF4B-00C04F79EFBC}") = "WinFormsApp", "WinFormsApp\WinFormsApp.csproj", "{59CDFD1D-F022-405C-8B6D-C0418D6635D2}"
EndProject
Global
	GlobalSection(SolutionConfigurationPlatforms) = preSolution
		Debug|Any CPU = Debug|Any CPU
		Release|Any CPU = Release|Any CPU
	EndGlobalSection
	GlobalSection(ProjectConfigurationPlatforms) = postSolution
		{59CDFD1D-F022-405C-8B6D-C0418D6635D2}.Debug|Any CPU.ActiveCfg = Debug|Any CPU
		{59CDFD1D-F022-405C-8B6D-C0418D6635D2}.Debug|Any CPU.Build.0 = Debug|Any CPU
		{59CDFD1D-F022-405C-8B6D-C0418D6635D2}.Release|Any CPU.ActiveCfg = Release|Any CPU
		{59CDFD1D-F022-405C-8B6D-C0418D6635D2}.Release|Any CPU.Build.0 = Release|Any CPU
	EndGlobalSection
	GlobalSection(SolutionProperties) = preSolution
		HideSolutionNode = FALSE
	EndGlobalSection
	GlobalSection(ExtensibilityGlobals) = postSolution
		SolutionGuid = {CA1FBBB2-9F5F-4896-82AD-1504865F3129}
	EndGlobalSection
EndGlobal
